{
  "name": "tree_map",
  "lockfileVersion": 2,
  "requires": true,
  "packages": {
    "": {
      "dependencies": {
        "mdb-ui-kit": "^6.0.1"
      }
    },
    "node_modules/mdb-ui-kit": {
      "version": "6.0.1",
      "resolved": "https://registry.npmjs.org/mdb-ui-kit/-/mdb-ui-kit-6.0.1.tgz",
      "integrity": "sha512-jZlO47ytSLcAzBmjSThtI+0QGDjJd4+EGZrHL6ZNI5tVd7OVyXvzEyoi5f9XU/rLMBUT2fwrkFQVubBg/Aw3Bw=="
    }
  },
  "dependencies": {
    "mdb-ui-kit": {
      "version": "6.0.1",
      "resolved": "https://registry.npmjs.org/mdb-ui-kit/-/mdb-ui-kit-6.0.1.tgz",
      "integrity": "sha512-jZlO47ytSLcAzBmjSThtI+0QGDjJd4+EGZrHL6ZNI5tVd7OVyXvzEyoi5f9XU/rLMBUT2fwrkFQVubBg/Aw3Bw=="
    }
  }
}
